[[package]]
category = "main"
description = "Fuzzy string matching in python"
name = "fuzzywuzzy"
optional = false
python-versions = "*"
version = "0.18.0"

[package.extras]
speedup = ["python-levenshtein (>=0.12)"]

[[package]]
category = "main"
description = "read and write audio tags for many formats"
name = "mutagen"
optional = false
python-versions = ">=3.5, <4"
version = "1.45.1"

[[package]]
category = "main"
description = "Python extension for computing string edit distances and similarities."
name = "python-levenshtein"
optional = false
python-versions = "*"
version = "0.12.0"

[package.dependencies]
setuptools = "*"

[[package]]
category = "main"
description = "Read music meta data and length of MP3, OGG, OPUS, MP4, M4A, FLAC, WMA and Wave files"
name = "tinytag"
optional = false
python-versions = ">=2.7"
version = "1.5.0"

[package.extras]
tests = ["pytest", "pytest-cov", "coveralls", "flake8"]

[[package]]
category = "main"
description = "Python Library for Tom's Obvious, Minimal Language"
name = "toml"
optional = false
python-versions = ">=2.6, !=3.0.*, !=3.1.*, !=3.2.*"
version = "0.10.2"

[metadata]
content-hash = "8c997e141099fb5a22311487c657a3f118cb82dd2ff72bfe6426db97d0c78e43"
python-versions = "^3.8"

[metadata.files]
fuzzywuzzy = [
    {file = "fuzzywuzzy-0.18.0-py2.py3-none-any.whl", hash = "sha256:928244b28db720d1e0ee7587acf660ea49d7e4c632569cad4f1cd7e68a5f0993"},
    {file = "fuzzywuzzy-0.18.0.tar.gz", hash = "sha256:45016e92264780e58972dca1b3d939ac864b78437422beecebb3095f8efd00e8"},
]
mutagen = [
    {file = "mutagen-1.45.1-py3-none-any.whl", hash = "sha256:9c9f243fcec7f410f138cb12c21c84c64fde4195481a30c9bfb05b5f003adfed"},
    {file = "mutagen-1.45.1.tar.gz", hash = "sha256:6397602efb3c2d7baebd2166ed85731ae1c1d475abca22090b7141ff5034b3e1"},
]
python-levenshtein = [
    {file = "python-Levenshtein-0.12.0.tar.gz", hash = "sha256:033a11de5e3d19ea25c9302d11224e1a1898fe5abd23c61c7c360c25195e3eb1"},
]
tinytag = [
    {file = "tinytag-1.5.0.tar.gz", hash = "sha256:811bbc243bb3b52576e3faf7988800149589fa9499e3a152c86c01604750f0ec"},
]
toml = [
    {file = "toml-0.10.2-py2.py3-none-any.whl", hash = "sha256:806143ae5bfb6a3c6e736a764057db0e6a0e05e338b5630894a5f779cabb4f9b"},
    {file = "toml-0.10.2.tar.gz", hash = "sha256:b3bda1d108d5dd99f4a20d24d9c348e91c4db7ab1b749200bded2f839ccbe68f"},
]
